// !$*UTF8*$!
{
	archiveVersion = 1;
	classes = {
	};
	objectVersion = 55;
	objects = {

/* Begin PBXBuildFile section */
		BE8789A427585EAB007902F5 /* APIService.swift in Sources */ = {isa = PBXBuildFile; fileRef = BE8789A327585EAB007902F5 /* APIService.swift */; };
		BE8789A6276050E0007902F5 /* test.swift in Sources */ = {isa = PBXBuildFile; fileRef = BE8789A5276050E0007902F5 /* test.swift */; };
		BE8789A8276050ED007902F5 /* test.storyboard in Resources */ = {isa = PBXBuildFile; fileRef = BE8789A7276050ED007902F5 /* test.storyboard */; };
		BE8789CB2761A33F007902F5 /* Alamofire in Frameworks */ = {isa = PBXBuildFile; productRef = BE8789CA2761A33F007902F5 /* Alamofire */; };
		BE959253274F816C00A2B211 /* AppDelegate.swift in Sources */ = {isa = PBXBuildFile; fileRef = BE959252274F816C00A2B211 /* AppDelegate.swift */; };
		BE959255274F816C00A2B211 /* SceneDelegate.swift in Sources */ = {isa = PBXBuildFile; fileRef = BE959254274F816C00A2B211 /* SceneDelegate.swift */; };
		BE959257274F816C00A2B211 /* ViewController.swift in Sources */ = {isa = PBXBuildFile; fileRef = BE959256274F816C00A2B211 /* ViewController.swift */; };
		BE95925A274F816C00A2B211 /* Main.storyboard in Resources */ = {isa = PBXBuildFile; fileRef = BE959258274F816C00A2B211 /* Main.storyboard */; };
		BE95925C274F817800A2B211 /* Assets.xcassets in Resources */ = {isa = PBXBuildFile; fileRef = BE95925B274F817800A2B211 /* Assets.xcassets */; };
		BE95925F274F817800A2B211 /* LaunchScreen.storyboard in Resources */ = {isa = PBXBuildFile; fileRef = BE95925D274F817800A2B211 /* LaunchScreen.storyboard */; };
		BE959267274F8C6200A2B211 /* QiitaTableViewCell.xib in Resources */ = {isa = PBXBuildFile; fileRef = BE959266274F8C6200A2B211 /* QiitaTableViewCell.xib */; };
		BE959269274F8E5500A2B211 /* QiitaTableViewCell.swift in Sources */ = {isa = PBXBuildFile; fileRef = BE959268274F8E5500A2B211 /* QiitaTableViewCell.swift */; };
		BE95926B27546C2800A2B211 /* WebViewController.swift in Sources */ = {isa = PBXBuildFile; fileRef = BE95926A27546C2800A2B211 /* WebViewController.swift */; };
		BE95926D27546CEA00A2B211 /* WebViewController.storyboard in Resources */ = {isa = PBXBuildFile; fileRef = BE95926C27546CEA00A2B211 /* WebViewController.storyboard */; };
		BE95927027546E1000A2B211 /* WebKit.framework in Frameworks */ = {isa = PBXBuildFile; fileRef = BE95926F27546E1000A2B211 /* WebKit.framework */; };
		BE9592782754D87400A2B211 /* QiitaUser.swift in Sources */ = {isa = PBXBuildFile; fileRef = BE9592772754D87400A2B211 /* QiitaUser.swift */; };
		BE95927C2755C1A300A2B211 /* QiitaArticle.swift in Sources */ = {isa = PBXBuildFile; fileRef = BE95927B2755C1A300A2B211 /* QiitaArticle.swift */; };
/* End PBXBuildFile section */

/* Begin PBXFileReference section */
		BE8789A327585EAB007902F5 /* APIService.swift */ = {isa = PBXFileReference; lastKnownFileType = sourcecode.swift; path = APIService.swift; sourceTree = "<group>"; };
		BE8789A5276050E0007902F5 /* test.swift */ = {isa = PBXFileReference; lastKnownFileType = sourcecode.swift; path = test.swift; sourceTree = "<group>"; };
		BE8789A7276050ED007902F5 /* test.storyboard */ = {isa = PBXFileReference; lastKnownFileType = file.storyboard; path = test.storyboard; sourceTree = "<group>"; };
		BE95924F274F816C00A2B211 /* QiitaClient.app */ = {isa = PBXFileReference; explicitFileType = wrapper.application; includeInIndex = 0; path = QiitaClient.app; sourceTree = BUILT_PRODUCTS_DIR; };
		BE959252274F816C00A2B211 /* AppDelegate.swift */ = {isa = PBXFileReference; lastKnownFileType = sourcecode.swift; path = AppDelegate.swift; sourceTree = "<group>"; };
		BE959254274F816C00A2B211 /* SceneDelegate.swift */ = {isa = PBXFileReference; lastKnownFileType = sourcecode.swift; path = SceneDelegate.swift; sourceTree = "<group>"; };
		BE959256274F816C00A2B211 /* ViewController.swift */ = {isa = PBXFileReference; lastKnownFileType = sourcecode.swift; path = ViewController.swift; sourceTree = "<group>"; };
		BE959259274F816C00A2B211 /* Base */ = {isa = PBXFileReference; lastKnownFileType = file.storyboard; name = Base; path = Base.lproj/Main.storyboard; sourceTree = "<group>"; };
		BE95925B274F817800A2B211 /* Assets.xcassets */ = {isa = PBXFileReference; lastKnownFileType = folder.assetcatalog; path = Assets.xcassets; sourceTree = "<group>"; };
		BE95925E274F817800A2B211 /* Base */ = {isa = PBXFileReference; lastKnownFileType = file.storyboard; name = Base; path = Base.lproj/LaunchScreen.storyboard; sourceTree = "<group>"; };
		BE959260274F817800A2B211 /* Info.plist */ = {isa = PBXFileReference; lastKnownFileType = text.plist.xml; path = Info.plist; sourceTree = "<group>"; };
		BE959266274F8C6200A2B211 /* QiitaTableViewCell.xib */ = {isa = PBXFileReference; lastKnownFileType = file.xib; path = QiitaTableViewCell.xib; sourceTree = "<group>"; };
		BE959268274F8E5500A2B211 /* QiitaTableViewCell.swift */ = {isa = PBXFileReference; lastKnownFileType = sourcecode.swift; path = QiitaTableViewCell.swift; sourceTree = "<group>"; };
		BE95926A27546C2800A2B211 /* WebViewController.swift */ = {isa = PBXFileReference; lastKnownFileType = sourcecode.swift; path = WebViewController.swift; sourceTree = "<group>"; };
		BE95926C27546CEA00A2B211 /* WebViewController.storyboard */ = {isa = PBXFileReference; lastKnownFileType = file.storyboard; path = WebViewController.storyboard; sourceTree = "<group>"; };
		BE95926F27546E1000A2B211 /* WebKit.framework */ = {isa = PBXFileReference; lastKnownFileType = wrapper.framework; name = WebKit.framework; path = System/Library/Frameworks/WebKit.framework; sourceTree = SDKROOT; };
		BE9592772754D87400A2B211 /* QiitaUser.swift */ = {isa = PBXFileReference; lastKnownFileType = sourcecode.swift; path = QiitaUser.swift; sourceTree = "<group>"; };
		BE95927B2755C1A300A2B211 /* QiitaArticle.swift */ = {isa = PBXFileReference; lastKnownFileType = sourcecode.swift; path = QiitaArticle.swift; sourceTree = "<group>"; };
/* End PBXFileReference section */

/* Begin PBXFrameworksBuildPhase section */
		BE95924C274F816C00A2B211 /* Frameworks */ = {
			isa = PBXFrameworksBuildPhase;
			buildActionMask = 2147483647;
			files = (
				BE95927027546E1000A2B211 /* WebKit.framework in Frameworks */,
				BE8789CB2761A33F007902F5 /* Alamofire in Frameworks */,
			);
			runOnlyForDeploymentPostprocessing = 0;
		};
/* End PBXFrameworksBuildPhase section */

/* Begin PBXGroup section */
		BE959246274F816C00A2B211 = {
			isa = PBXGroup;
			children = (
				BE959251274F816C00A2B211 /* QiitaClient */,
				BE959250274F816C00A2B211 /* Products */,
				BE95926E27546E1000A2B211 /* Frameworks */,
			);
			sourceTree = "<group>";
		};
		BE959250274F816C00A2B211 /* Products */ = {
			isa = PBXGroup;
			children = (
				BE95924F274F816C00A2B211 /* QiitaClient.app */,
			);
			name = Products;
			sourceTree = "<group>";
		};
		BE959251274F816C00A2B211 /* QiitaClient */ = {
			isa = PBXGroup;
			children = (
				BE959252274F816C00A2B211 /* AppDelegate.swift */,
				BE8789A5276050E0007902F5 /* test.swift */,
				BE8789A7276050ED007902F5 /* test.storyboard */,
				BE9592772754D87400A2B211 /* QiitaUser.swift */,
				BE95927B2755C1A300A2B211 /* QiitaArticle.swift */,
				BE959254274F816C00A2B211 /* SceneDelegate.swift */,
				BE959256274F816C00A2B211 /* ViewController.swift */,
				BE8789A327585EAB007902F5 /* APIService.swift */,
				BE95926A27546C2800A2B211 /* WebViewController.swift */,
				BE95926C27546CEA00A2B211 /* WebViewController.storyboard */,
				BE959258274F816C00A2B211 /* Main.storyboard */,
				BE959266274F8C6200A2B211 /* QiitaTableViewCell.xib */,
				BE959268274F8E5500A2B211 /* QiitaTableViewCell.swift */,
				BE95925B274F817800A2B211 /* Assets.xcassets */,
				BE95925D274F817800A2B211 /* LaunchScreen.storyboard */,
				BE959260274F817800A2B211 /* Info.plist */,
			);
			path = QiitaClient;
			sourceTree = "<group>";
		};
		BE95926E27546E1000A2B211 /* Frameworks */ = {
			isa = PBXGroup;
			children = (
				BE95926F27546E1000A2B211 /* WebKit.framework */,
			);
			name = Frameworks;
			sourceTree = "<group>";
		};
/* End PBXGroup section */

/* Begin PBXNativeTarget section */
		BE95924E274F816C00A2B211 /* QiitaClient */ = {
			isa = PBXNativeTarget;
			buildConfigurationList = BE959263274F817800A2B211 /* Build configuration list for PBXNativeTarget "QiitaClient" */;
			buildPhases = (
				BE95924B274F816C00A2B211 /* Sources */,
				BE95924C274F816C00A2B211 /* Frameworks */,
				BE95924D274F816C00A2B211 /* Resources */,
			);
			buildRules = (
			);
			dependencies = (
			);
			name = QiitaClient;
			packageProductDependencies = (
				BE8789CA2761A33F007902F5 /* Alamofire */,
			);
			productName = QiitaClient;
			productReference = BE95924F274F816C00A2B211 /* QiitaClient.app */;
			productType = "com.apple.product-type.application";
		};
/* End PBXNativeTarget section */

/* Begin PBXProject section */
		BE959247274F816C00A2B211 /* Project object */ = {
			isa = PBXProject;
			attributes = {
				BuildIndependentTargetsInParallel = 1;
				LastSwiftUpdateCheck = 1300;
				LastUpgradeCheck = 1300;
				TargetAttributes = {
					BE95924E274F816C00A2B211 = {
						CreatedOnToolsVersion = 13.0;
					};
				};
			};
			buildConfigurationList = BE95924A274F816C00A2B211 /* Build configuration list for PBXProject "QiitaClient" */;
			compatibilityVersion = "Xcode 13.0";
			developmentRegion = en;
			hasScannedForEncodings = 0;
			knownRegions = (
				en,
				Base,
			);
			mainGroup = BE959246274F816C00A2B211;
			packageReferences = (
				BE8789C92761A33F007902F5 /* XCRemoteSwiftPackageReference "Alamofire" */,
			);
			productRefGroup = BE959250274F816C00A2B211 /* Products */;
			projectDirPath = "";
			projectRoot = "";
			targets = (
				BE95924E274F816C00A2B211 /* QiitaClient */,
			);
		};
/* End PBXProject section */

/* Begin PBXResourcesBuildPhase section */
		BE95924D274F816C00A2B211 /* Resources */ = {
			isa = PBXResourcesBuildPhase;
			buildActionMask = 2147483647;
			files = (
				BE95925F274F817800A2B211 /* LaunchScreen.storyboard in Resources */,
				BE95925C274F817800A2B211 /* Assets.xcassets in Resources */,
				BE959267274F8C6200A2B211 /* QiitaTableViewCell.xib in Resources */,
				BE95925A274F816C00A2B211 /* Main.storyboard in Resources */,
				BE8789A8276050ED007902F5 /* test.storyboard in Resources */,
				BE95926D27546CEA00A2B211 /* WebViewController.storyboard in Resources */,
			);
			runOnlyForDeploymentPostprocessing = 0;
		};
/* End PBXResourcesBuildPhase section */

/* Begin PBXSourcesBuildPhase section */
		BE95924B274F816C00A2B211 /* Sources */ = {
			isa = PBXSourcesBuildPhase;
			buildActionMask = 2147483647;
			files = (
				BE959257274F816C00A2B211 /* ViewController.swift in Sources */,
				BE95927C2755C1A300A2B211 /* QiitaArticle.swift in Sources */,
				BE959253274F816C00A2B211 /* AppDelegate.swift in Sources */,
				BE959269274F8E5500A2B211 /* QiitaTableViewCell.swift in Sources */,
				BE8789A6276050E0007902F5 /* test.swift in Sources */,
				BE95926B27546C2800A2B211 /* WebViewController.swift in Sources */,
				BE959255274F816C00A2B211 /* SceneDelegate.swift in Sources */,
				BE8789A427585EAB007902F5 /* APIService.swift in Sources */,
				BE9592782754D87400A2B211 /* QiitaUser.swift in Sources */,
			);
			runOnlyForDeploymentPostprocessing = 0;
		};
/* End PBXSourcesBuildPhase section */

/* Begin PBXVariantGroup section */
		BE959258274F816C00A2B211 /* Main.storyboard */ = {
			isa = PBXVariantGroup;
			children = (
				BE959259274F816C00A2B211 /* Base */,
			);
			name = Main.storyboard;
			sourceTree = "<group>";
		};
		BE95925D274F817800A2B211 /* LaunchScreen.storyboard */ = {
			isa = PBXVariantGroup;
			children = (
				BE95925E274F817800A2B211 /* Base */,
			);
			name = LaunchScreen.storyboard;
			sourceTree = "<group>";
		};
/* End PBXVariantGroup section */

/* Begin XCBuildConfiguration section */
		BE959261274F817800A2B211 /* Debug */ = {
			isa = XCBuildConfiguration;
			buildSettings = {
				ALWAYS_SEARCH_USER_PATHS = NO;
				CLANG_ANALYZER_NONNULL = YES;
				CLANG_ANALYZER_NUMBER_OBJECT_CONVERSION = YES_AGGRESSIVE;
				CLANG_CXX_LANGUAGE_STANDARD = "gnu++17";
				CLANG_CXX_LIBRARY = "libc++";
				CLANG_ENABLE_MODULES = YES;
				CLANG_ENABLE_OBJC_ARC = YES;
				CLANG_ENABLE_OBJC_WEAK = YES;
				CLANG_WARN_BLOCK_CAPTURE_AUTORELEASING = YES;
				CLANG_WARN_BOOL_CONVERSION = YES;
				CLANG_WARN_COMMA = YES;
				CLANG_WARN_CONSTANT_CONVERSION = YES;
				CLANG_WARN_DEPRECATED_OBJC_IMPLEMENTATIONS = YES;
				CLANG_WARN_DIRECT_OBJC_ISA_USAGE = YES_ERROR;
				CLANG_WARN_DOCUMENTATION_COMMENTS = YES;
				CLANG_WARN_EMPTY_BODY = YES;
				CLANG_WARN_ENUM_CONVERSION = YES;
				CLANG_WARN_INFINITE_RECURSION = YES;
				CLANG_WARN_INT_CONVERSION = YES;
				CLANG_WARN_NON_LITERAL_NULL_CONVERSION = YES;
				CLANG_WARN_OBJC_IMPLICIT_RETAIN_SELF = YES;
				CLANG_WARN_OBJC_LITERAL_CONVERSION = YES;
				CLANG_WARN_OBJC_ROOT_CLASS = YES_ERROR;
				CLANG_WARN_QUOTED_INCLUDE_IN_FRAMEWORK_HEADER = YES;
				CLANG_WARN_RANGE_LOOP_ANALYSIS = YES;
				CLANG_WARN_STRICT_PROTOTYPES = YES;
				CLANG_WARN_SUSPICIOUS_MOVE = YES;
				CLANG_WARN_UNGUARDED_AVAILABILITY = YES_AGGRESSIVE;
				CLANG_WARN_UNREACHABLE_CODE = YES;
				CLANG_WARN__DUPLICATE_METHOD_MATCH = YES;
				COPY_PHASE_STRIP = NO;
				DEBUG_INFORMATION_FORMAT = dwarf;
				DEVELOPMENT_TEAM = 9L9X875C2Z;
				ENABLE_STRICT_OBJC_MSGSEND = YES;
				ENABLE_TESTABILITY = YES;
				GCC_C_LANGUAGE_STANDARD = gnu11;
				GCC_DYNAMIC_NO_PIC = NO;
				GCC_NO_COMMON_BLOCKS = YES;
				GCC_OPTIMIZATION_LEVEL = 0;
				GCC_PREPROCESSOR_DEFINITIONS = (
					"DEBUG=1",
					"$(inherited)",
				);
				GCC_WARN_64_TO_32_BIT_CONVERSION = YES;
				GCC_WARN_ABOUT_RETURN_TYPE = YES_ERROR;
				GCC_WARN_UNDECLARED_SELECTOR = YES;
				GCC_WARN_UNINITIALIZED_AUTOS = YES_AGGRESSIVE;
				GCC_WARN_UNUSED_FUNCTION = YES;
				GCC_WARN_UNUSED_VARIABLE = YES;
				IPHONEOS_DEPLOYMENT_TARGET = 15.0;
				MTL_ENABLE_DEBUG_INFO = INCLUDE_SOURCE;
				MTL_FAST_MATH = YES;
				ONLY_ACTIVE_ARCH = YES;
				SDKROOT = iphoneos;
				SWIFT_ACTIVE_COMPILATION_CONDITIONS = DEBUG;
				SWIFT_OPTIMIZATION_LEVEL = "-Onone";
			};
			name = Debug;
		};
		BE959262274F817800A2B211 /* Release */ = {
			isa = XCBuildConfiguration;
			buildSettings = {
				ALWAYS_SEARCH_USER_PATHS = NO;
				CLANG_ANALYZER_NONNULL = YES;
				CLANG_ANALYZER_NUMBER_OBJECT_CONVERSION = YES_AGGRESSIVE;
				CLANG_CXX_LANGUAGE_STANDARD = "gnu++17";
				CLANG_CXX_LIBRARY = "libc++";
				CLANG_ENABLE_MODULES = YES;
				CLANG_ENABLE_OBJC_ARC = YES;
				CLANG_ENABLE_OBJC_WEAK = YES;
				CLANG_WARN_BLOCK_CAPTURE_AUTORELEASING = YES;
				CLANG_WARN_BOOL_CONVERSION = YES;
				CLANG_WARN_COMMA = YES;
				CLANG_WARN_CONSTANT_CONVERSION = YES;
				CLANG_WARN_DEPRECATED_OBJC_IMPLEMENTATIONS = YES;
				CLANG_WARN_DIRECT_OBJC_ISA_USAGE = YES_ERROR;
				CLANG_WARN_DOCUMENTATION_COMMENTS = YES;
				CLANG_WARN_EMPTY_BODY = YES;
				CLANG_WARN_ENUM_CONVERSION = YES;
				CLANG_WARN_INFINITE_RECURSION = YES;
				CLANG_WARN_INT_CONVERSION = YES;
				CLANG_WARN_NON_LITERAL_NULL_CONVERSION = YES;
				CLANG_WARN_OBJC_IMPLICIT_RETAIN_SELF = YES;
				CLANG_WARN_OBJC_LITERAL_CONVERSION = YES;
				CLANG_WARN_OBJC_ROOT_CLASS = YES_ERROR;
				CLANG_WARN_QUOTED_INCLUDE_IN_FRAMEWORK_HEADER = YES;
				CLANG_WARN_RANGE_LOOP_ANALYSIS = YES;
				CLANG_WARN_STRICT_PROTOTYPES = YES;
				CLANG_WARN_SUSPICIOUS_MOVE = YES;
				CLANG_WARN_UNGUARDED_AVAILABILITY = YES_AGGRESSIVE;
				CLANG_WARN_UNREACHABLE_CODE = YES;
				CLANG_WARN__DUPLICATE_METHOD_MATCH = YES;
				COPY_PHASE_STRIP = NO;
				DEBUG_INFORMATION_FORMAT = "dwarf-with-dsym";
				DEVELOPMENT_TEAM = 9L9X875C2Z;
				ENABLE_NS_ASSERTIONS = NO;
				ENABLE_STRICT_OBJC_MSGSEND = YES;
				GCC_C_LANGUAGE_STANDARD = gnu11;
				GCC_NO_COMMON_BLOCKS = YES;
				GCC_WARN_64_TO_32_BIT_CONVERSION = YES;
				GCC_WARN_ABOUT_RETURN_TYPE = YES_ERROR;
				GCC_WARN_UNDECLARED_SELECTOR = YES;
				GCC_WARN_UNINITIALIZED_AUTOS = YES_AGGRESSIVE;
				GCC_WARN_UNUSED_FUNCTION = YES;
				GCC_WARN_UNUSED_VARIABLE = YES;
				IPHONEOS_DEPLOYMENT_TARGET = 15.0;
				MTL_ENABLE_DEBUG_INFO = NO;
				MTL_FAST_MATH = YES;
				SDKROOT = iphoneos;
				SWIFT_COMPILATION_MODE = wholemodule;
				SWIFT_OPTIMIZATION_LEVEL = "-O";
				VALIDATE_PRODUCT = YES;
			};
			name = Release;
		};
		BE959264274F817800A2B211 /* Debug */ = {
			isa = XCBuildConfiguration;
			buildSettings = {
				ASSETCATALOG_COMPILER_APPICON_NAME = AppIcon;
				ASSETCATALOG_COMPILER_GLOBAL_ACCENT_COLOR_NAME = AccentColor;
				CODE_SIGN_STYLE = Automatic;
				CURRENT_PROJECT_VERSION = 1;
				DEVELOPMENT_TEAM = 2R4QS48Y83;
				GENERATE_INFOPLIST_FILE = YES;
				INFOPLIST_FILE = QiitaClient/Info.plist;
				INFOPLIST_KEY_UIApplicationSupportsIndirectInputEvents = YES;
				INFOPLIST_KEY_UILaunchStoryboardName = LaunchScreen;
				INFOPLIST_KEY_UIMainStoryboardFile = WebViewController;
				INFOPLIST_KEY_UISupportedInterfaceOrientations_iPad = "UIInterfaceOrientationPortrait UIInterfaceOrientationPortraitUpsideDown UIInterfaceOrientationLandscapeLeft UIInterfaceOrientationLandscapeRight";
				INFOPLIST_KEY_UISupportedInterfaceOrientations_iPhone = "UIInterfaceOrientationPortrait UIInterfaceOrientationLandscapeLeft UIInterfaceOrientationLandscapeRight";
				LD_RUNPATH_SEARCH_PATHS = (
					"$(inherited)",
					"@executable_path/Frameworks",
				);
				MARKETING_VERSION = 1.0;
				PRODUCT_BUNDLE_IDENTIFIER = com.inomata.QiitaClient;
				PRODUCT_NAME = "$(TARGET_NAME)";
				SWIFT_EMIT_LOC_STRINGS = YES;
				SWIFT_VERSION = 5.0;
				TARGETED_DEVICE_FAMILY = 1;
			};
			name = Debug;
		};
		BE959265274F817800A2B211 /* Release */ = {
			isa = XCBuildConfiguration;
			buildSettings = {
				ASSETCATALOG_COMPILER_APPICON_NAME = AppIcon;
				ASSETCATALOG_COMPILER_GLOBAL_ACCENT_COLOR_NAME = AccentColor;
				CODE_SIGN_STYLE = Automatic;
				CURRENT_PROJECT_VERSION = 1;
				DEVELOPMENT_TEAM = 2R4QS48Y83;
				GENERATE_INFOPLIST_FILE = YES;
				INFOPLIST_FILE = QiitaClient/Info.plist;
				INFOPLIST_KEY_UIApplicationSupportsIndirectInputEvents = YES;
				INFOPLIST_KEY_UILaunchStoryboardName = LaunchScreen;
				INFOPLIST_KEY_UIMainStoryboardFile = WebViewController;
				INFOPLIST_KEY_UISupportedInterfaceOrientations_iPad = "UIInterfaceOrientationPortrait UIInterfaceOrientationPortraitUpsideDown UIInterfaceOrientationLandscapeLeft UIInterfaceOrientationLandscapeRight";
				INFOPLIST_KEY_UISupportedInterfaceOrientations_iPhone = "UIInterfaceOrientationPortrait UIInterfaceOrientationLandscapeLeft UIInterfaceOrientationLandscapeRight";
				LD_RUNPATH_SEARCH_PATHS = (
					"$(inherited)",
					"@executable_path/Frameworks",
				);
				MARKETING_VERSION = 1.0;
				PRODUCT_BUNDLE_IDENTIFIER = com.inomata.QiitaClient;
				PRODUCT_NAME = "$(TARGET_NAME)";
				SWIFT_EMIT_LOC_STRINGS = YES;
				SWIFT_VERSION = 5.0;
				TARGETED_DEVICE_FAMILY = 1;
			};
			name = Release;
		};
/* End XCBuildConfiguration section */

/* Begin XCConfigurationList section */
		BE95924A274F816C00A2B211 /* Build configuration list for PBXProject "QiitaClient" */ = {
			isa = XCConfigurationList;
			buildConfigurations = (
				BE959261274F817800A2B211 /* Debug */,
				BE959262274F817800A2B211 /* Release */,
			);
			defaultConfigurationIsVisible = 0;
			defaultConfigurationName = Release;
		};
		BE959263274F817800A2B211 /* Build configuration list for PBXNativeTarget "QiitaClient" */ = {
			isa = XCConfigurationList;
			buildConfigurations = (
				BE959264274F817800A2B211 /* Debug */,
				BE959265274F817800A2B211 /* Release */,
			);
			defaultConfigurationIsVisible = 0;
			defaultConfigurationName = Release;
		};
/* End XCConfigurationList section */

/* Begin XCRemoteSwiftPackageReference section */
		BE8789C92761A33F007902F5 /* XCRemoteSwiftPackageReference "Alamofire" */ = {
			isa = XCRemoteSwiftPackageReference;
			repositoryURL = "https://github.com/Alamofire/Alamofire";
			requirement = {
				branch = master;
				kind = branch;
			};
		};
/* End XCRemoteSwiftPackageReference section */

/* Begin XCSwiftPackageProductDependency section */
		BE8789CA2761A33F007902F5 /* Alamofire */ = {
			isa = XCSwiftPackageProductDependency;
			package = BE8789C92761A33F007902F5 /* XCRemoteSwiftPackageReference "Alamofire" */;
			productName = Alamofire;
		};
/* End XCSwiftPackageProductDependency section */
	};
	rootObject = BE959247274F816C00A2B211 /* Project object */;
}
